
Microsoft Visual Studio Solution File, Format Version 12.00
# Visual Studio Version 17
VisualStudioVersion = 17.14.36616.10 d17.14
MinimumVisualStudioVersion = 10.0.40219.1
Project("{FAE04EC0-301F-11D3-BF4B-00C04F79EFBC}") = "CalculadoraIOS", "CalculadoraIOS.csproj", "{FFF86728-A350-431F-8CAA-55951B92A48A}"
EndProject
Global
	GlobalSection(SolutionConfigurationPlatforms) = preSolution
		Debug|Any CPU = Debug|Any CPU
		Release|Any CPU = Release|Any CPU
	EndGlobalSection
	GlobalSection(ProjectConfigurationPlatforms) = postSolution
		{FFF86728-A350-431F-8CAA-55951B92A48A}.Debug|Any CPU.ActiveCfg = Debug|Any CPU
		{FFF86728-A350-431F-8CAA-55951B92A48A}.Debug|Any CPU.Build.0 = Debug|Any CPU
		{FFF86728-A350-431F-8CAA-55951B92A48A}.Release|Any CPU.ActiveCfg = Release|Any CPU
		{FFF86728-A350-431F-8CAA-55951B92A48A}.Release|Any CPU.Build.0 = Release|Any CPU
	EndGlobalSection
	GlobalSection(SolutionProperties) = preSolution
		HideSolutionNode = FALSE
	EndGlobalSection
	GlobalSection(ExtensibilityGlobals) = postSolution
		SolutionGuid = {67AB0ADA-B390-424B-9680-B9253F9C66BD}
	EndGlobalSection
EndGlobal
